
Microsoft Visual Studio Solution File, Format Version 12.00
Project("{FAE04EC0-301F-11D3-BF4B-00C04F79EFBC}") = "Svelto.Common", "Svelto.Tasks\Svelto.Common\Svelto.Common.csproj", "{F0D2AB6E-99D7-4FCF-9806-9B5E2356207D}"
EndProject
Project("{FAE04EC0-301F-11D3-BF4B-00C04F79EFBC}") = "Svelto.Tasks", "Svelto.Tasks\Svelto.Tasks\Svelto.Tasks.csproj", "{204B91BD-2CA1-4BBF-BC80-3CF76726141B}"
EndProject
Project("{FAE04EC0-301F-11D3-BF4B-00C04F79EFBC}") = "Benchmarks", "Benchmarks\Benchmarks.csproj", "{AF0DB49F-2D43-4098-8276-47F84C8FDDC4}"
EndProject
Global
	GlobalSection(SolutionConfigurationPlatforms) = preSolution
		Debug|Any CPU = Debug|Any CPU
		Release|Any CPU = Release|Any CPU
	EndGlobalSection
	GlobalSection(ProjectConfigurationPlatforms) = postSolution
		{F0D2AB6E-99D7-4FCF-9806-9B5E2356207D}.Debug|Any CPU.ActiveCfg = Debug|Any CPU
		{F0D2AB6E-99D7-4FCF-9806-9B5E2356207D}.Debug|Any CPU.Build.0 = Debug|Any CPU
		{F0D2AB6E-99D7-4FCF-9806-9B5E2356207D}.Release|Any CPU.ActiveCfg = Release|Any CPU
		{F0D2AB6E-99D7-4FCF-9806-9B5E2356207D}.Release|Any CPU.Build.0 = Release|Any CPU
		{204B91BD-2CA1-4BBF-BC80-3CF76726141B}.Debug|Any CPU.ActiveCfg = Debug|Any CPU
		{204B91BD-2CA1-4BBF-BC80-3CF76726141B}.Debug|Any CPU.Build.0 = Debug|Any CPU
		{204B91BD-2CA1-4BBF-BC80-3CF76726141B}.Release|Any CPU.ActiveCfg = Release|Any CPU
		{204B91BD-2CA1-4BBF-BC80-3CF76726141B}.Release|Any CPU.Build.0 = Release|Any CPU
		{AF0DB49F-2D43-4098-8276-47F84C8FDDC4}.Debug|Any CPU.ActiveCfg = Debug|Any CPU
		{AF0DB49F-2D43-4098-8276-47F84C8FDDC4}.Debug|Any CPU.Build.0 = Debug|Any CPU
		{AF0DB49F-2D43-4098-8276-47F84C8FDDC4}.Release|Any CPU.ActiveCfg = Release|Any CPU
		{AF0DB49F-2D43-4098-8276-47F84C8FDDC4}.Release|Any CPU.Build.0 = Release|Any CPU
	EndGlobalSection
EndGlobal
