
Microsoft Visual Studio Solution File, Format Version 12.00
# Visual Studio Version 16
VisualStudioVersion = 16.0.28701.123
MinimumVisualStudioVersion = 10.0.40219.1
Project("{9A19103F-16F7-4668-BE54-9A1E7A4F7556}") = "Svelto.ECS", "Svelto.ECS\Svelto.ECS.csproj", "{8E88A369-4E1D-470D-BADE-B1D6B2A5B633}"
EndProject
Project("{9A19103F-16F7-4668-BE54-9A1E7A4F7556}") = "Svelto.Common", "Svelto.Common\Svelto.Common.csproj", "{38356B58-B7E0-438F-8F55-51FF46E19FAA}"
EndProject
Project("{9A19103F-16F7-4668-BE54-9A1E7A4F7556}") = "Svelto.Tasks", "Svelto.Tasks\Svelto.Tasks.csproj", "{16D238BD-6318-4945-84D0-F448F1EDEEE2}"
EndProject
Project("{FAE04EC0-301F-11D3-BF4B-00C04F79EFBC}") = "FasterDictionaryBenchmarks", "FasterDictionaryBenchmarks\FasterDictionaryBenchmarks.csproj", "{DECC14A7-59E2-4131-A615-D4C4F5C30FB5}"
EndProject
Global
	GlobalSection(SolutionConfigurationPlatforms) = preSolution
		Debug|Any CPU = Debug|Any CPU
		Release|Any CPU = Release|Any CPU
	EndGlobalSection
	GlobalSection(ProjectConfigurationPlatforms) = postSolution
		{8E88A369-4E1D-470D-BADE-B1D6B2A5B633}.Debug|Any CPU.ActiveCfg = Debug|Any CPU
		{8E88A369-4E1D-470D-BADE-B1D6B2A5B633}.Debug|Any CPU.Build.0 = Debug|Any CPU
		{8E88A369-4E1D-470D-BADE-B1D6B2A5B633}.Release|Any CPU.ActiveCfg = Release|Any CPU
		{8E88A369-4E1D-470D-BADE-B1D6B2A5B633}.Release|Any CPU.Build.0 = Release|Any CPU
		{38356B58-B7E0-438F-8F55-51FF46E19FAA}.Debug|Any CPU.ActiveCfg = Debug|Any CPU
		{38356B58-B7E0-438F-8F55-51FF46E19FAA}.Debug|Any CPU.Build.0 = Debug|Any CPU
		{38356B58-B7E0-438F-8F55-51FF46E19FAA}.Release|Any CPU.ActiveCfg = Release|Any CPU
		{38356B58-B7E0-438F-8F55-51FF46E19FAA}.Release|Any CPU.Build.0 = Release|Any CPU
		{16D238BD-6318-4945-84D0-F448F1EDEEE2}.Debug|Any CPU.ActiveCfg = Debug|Any CPU
		{16D238BD-6318-4945-84D0-F448F1EDEEE2}.Debug|Any CPU.Build.0 = Debug|Any CPU
		{16D238BD-6318-4945-84D0-F448F1EDEEE2}.Release|Any CPU.ActiveCfg = Release|Any CPU
		{16D238BD-6318-4945-84D0-F448F1EDEEE2}.Release|Any CPU.Build.0 = Release|Any CPU
		{DECC14A7-59E2-4131-A615-D4C4F5C30FB5}.Debug|Any CPU.ActiveCfg = Debug|Any CPU
		{DECC14A7-59E2-4131-A615-D4C4F5C30FB5}.Debug|Any CPU.Build.0 = Debug|Any CPU
		{DECC14A7-59E2-4131-A615-D4C4F5C30FB5}.Release|Any CPU.ActiveCfg = Release|Any CPU
		{DECC14A7-59E2-4131-A615-D4C4F5C30FB5}.Release|Any CPU.Build.0 = Release|Any CPU
	EndGlobalSection
	GlobalSection(SolutionProperties) = preSolution
		HideSolutionNode = FALSE
	EndGlobalSection
	GlobalSection(ExtensibilityGlobals) = postSolution
		SolutionGuid = {C1D9620B-2EBE-4494-9D59-3E74ADC28814}
	EndGlobalSection
EndGlobal
